{
  "name": "wotlk-atlas-loot",
  "version": "1.0.0",
  "lockfileVersion": 2,
  "requires": true,
  "packages": {
    "": {
      "name": "wotlk-atlas-loot",
      "version": "1.0.0",
      "license": "ISC",
      "dependencies": {
        "wow-classic-items": "github:morellexf26/wow-classic-items"
      }
    },
    "node_modules/wow-classic-items": {
      "version": "2.0.0",
      "resolved": "git+ssh://git@github.com/morellexf26/wow-classic-items.git#8a663b4ad81ea262f0b73daf3a8430d3555867e6",
      "license": "MIT"
    }
  },
  "dependencies": {
    "wow-classic-items": {
      "version": "git+ssh://git@github.com/morellexf26/wow-classic-items.git#8a663b4ad81ea262f0b73daf3a8430d3555867e6",
      "from": "wow-classic-items@morellexf26/wow-classic-items"
    }
  }
}
